
Microsoft Visual Studio Solution File, Format Version 12.00
# Visual Studio 15
VisualStudioVersion = 15.0.28307.329
MinimumVisualStudioVersion = 10.0.40219.1
Project("{9A19103F-16F7-4668-BE54-9A1E7A4F7556}") = "Reservation", "Reservation\Reservation.csproj", "{7FF802BE-03C6-4D1A-A9D9-35591907201D}"
EndProject
Project("{9A19103F-16F7-4668-BE54-9A1E7A4F7556}") = "Loop.Api", "..\reservation-web-api\Loop.Api\Loop.Api.csproj", "{70572E73-FE93-4E06-B773-C732C4E84053}"
EndProject
Global
	GlobalSection(SolutionConfigurationPlatforms) = preSolution
		Debug|Any CPU = Debug|Any CPU
		Release|Any CPU = Release|Any CPU
	EndGlobalSection
	GlobalSection(ProjectConfigurationPlatforms) = postSolution
		{7FF802BE-03C6-4D1A-A9D9-35591907201D}.Debug|Any CPU.ActiveCfg = Debug|Any CPU
		{7FF802BE-03C6-4D1A-A9D9-35591907201D}.Debug|Any CPU.Build.0 = Debug|Any CPU
		{7FF802BE-03C6-4D1A-A9D9-35591907201D}.Release|Any CPU.ActiveCfg = Release|Any CPU
		{7FF802BE-03C6-4D1A-A9D9-35591907201D}.Release|Any CPU.Build.0 = Release|Any CPU
		{70572E73-FE93-4E06-B773-C732C4E84053}.Debug|Any CPU.ActiveCfg = Debug|Any CPU
		{70572E73-FE93-4E06-B773-C732C4E84053}.Debug|Any CPU.Build.0 = Debug|Any CPU
		{70572E73-FE93-4E06-B773-C732C4E84053}.Release|Any CPU.ActiveCfg = Release|Any CPU
		{70572E73-FE93-4E06-B773-C732C4E84053}.Release|Any CPU.Build.0 = Release|Any CPU
	EndGlobalSection
	GlobalSection(SolutionProperties) = preSolution
		HideSolutionNode = FALSE
	EndGlobalSection
	GlobalSection(ExtensibilityGlobals) = postSolution
		SolutionGuid = {EA1F3AD9-83C6-4E8A-8AFF-989FAEF6AC84}
	EndGlobalSection
EndGlobal
